// !$*UTF8*$!
{
	archiveVersion = 1;
	classes = {
	};
	objectVersion = 51;
	objects = {

/* Begin PBXBuildFile section */
		0191BE87961C33AA24713AA9 /* Pods_WDAudioPlayCacheLoaderTests.framework in Frameworks */ = {isa = PBXBuildFile; fileRef = 4138DBFE2B1A4741A70DFBB7 /* Pods_WDAudioPlayCacheLoaderTests.framework */; };
		4C57005725D2805000AFC5B8 /* NSTimer+Additions.m in Sources */ = {isa = PBXBuildFile; fileRef = 4C57004B25D2805000AFC5B8 /* NSTimer+Additions.m */; };
		4C57005825D2805000AFC5B8 /* JWDOverlayView.m in Sources */ = {isa = PBXBuildFile; fileRef = 4C57004C25D2805000AFC5B8 /* JWDOverlayView.m */; };
		4C57005925D2805000AFC5B8 /* JWDVideoPlayView.m in Sources */ = {isa = PBXBuildFile; fileRef = 4C57005325D2805000AFC5B8 /* JWDVideoPlayView.m */; };
		4C57005A25D2805000AFC5B8 /* JWDVideoHomeViewController.m in Sources */ = {isa = PBXBuildFile; fileRef = 4C57005425D2805000AFC5B8 /* JWDVideoHomeViewController.m */; };
		4C57005B25D2805000AFC5B8 /* AVAsset+JWDAdditions.m in Sources */ = {isa = PBXBuildFile; fileRef = 4C57005525D2805000AFC5B8 /* AVAsset+JWDAdditions.m */; };
		4C57005C25D2805000AFC5B8 /* JWDVideoPlayController.m in Sources */ = {isa = PBXBuildFile; fileRef = 4C57005625D2805000AFC5B8 /* JWDVideoPlayController.m */; };
		4C575A9A25CF8DA1002A117F /* AppDelegate.m in Sources */ = {isa = PBXBuildFile; fileRef = 4C575A9925CF8DA1002A117F /* AppDelegate.m */; };
		4C575A9D25CF8DA1002A117F /* SceneDelegate.m in Sources */ = {isa = PBXBuildFile; fileRef = 4C575A9C25CF8DA1002A117F /* SceneDelegate.m */; };
		4C575AA025CF8DA1002A117F /* ViewController.m in Sources */ = {isa = PBXBuildFile; fileRef = 4C575A9F25CF8DA1002A117F /* ViewController.m */; };
		4C575AA325CF8DA1002A117F /* Main.storyboard in Resources */ = {isa = PBXBuildFile; fileRef = 4C575AA125CF8DA1002A117F /* Main.storyboard */; };
		4C575AA525CF8DA3002A117F /* Assets.xcassets in Resources */ = {isa = PBXBuildFile; fileRef = 4C575AA425CF8DA3002A117F /* Assets.xcassets */; };
		4C575AA825CF8DA3002A117F /* LaunchScreen.storyboard in Resources */ = {isa = PBXBuildFile; fileRef = 4C575AA625CF8DA3002A117F /* LaunchScreen.storyboard */; };
		4C575AAB25CF8DA3002A117F /* main.m in Sources */ = {isa = PBXBuildFile; fileRef = 4C575AAA25CF8DA3002A117F /* main.m */; };
		4C575AB525CF8DA4002A117F /* WDAudioPlayCacheLoaderTests.m in Sources */ = {isa = PBXBuildFile; fileRef = 4C575AB425CF8DA4002A117F /* WDAudioPlayCacheLoaderTests.m */; };
		4C575AC025CF8DA4002A117F /* WDAudioPlayCacheLoaderUITests.m in Sources */ = {isa = PBXBuildFile; fileRef = 4C575ABF25CF8DA4002A117F /* WDAudioPlayCacheLoaderUITests.m */; };
		4C575ADA25CFBF6F002A117F /* WDAudioPlayRequestTask.m in Sources */ = {isa = PBXBuildFile; fileRef = 4C575AD925CFBF6F002A117F /* WDAudioPlayRequestTask.m */; };
		4C575AE425CFC4E5002A117F /* WDAudioPlayCacheTools.m in Sources */ = {isa = PBXBuildFile; fileRef = 4C575AE325CFC4E5002A117F /* WDAudioPlayCacheTools.m */; };
		4C57FFDF25D2375A00AFC5B8 /* WDAudioPlayResourceLoader.m in Sources */ = {isa = PBXBuildFile; fileRef = 4C57FFDE25D2375A00AFC5B8 /* WDAudioPlayResourceLoader.m */; };
		81C68F502ABE296F2957A29D /* Pods_WDAudioPlayCacheLoader.framework in Frameworks */ = {isa = PBXBuildFile; fileRef = 4077209321F58BEB204EC1CC /* Pods_WDAudioPlayCacheLoader.framework */; };
		BBBB4FC4DFE46BC28511278B /* Pods_WDAudioPlayCacheLoader_WDAudioPlayCacheLoaderUITests.framework in Frameworks */ = {isa = PBXBuildFile; fileRef = D3A7C643B7869E41A2270F26 /* Pods_WDAudioPlayCacheLoader_WDAudioPlayCacheLoaderUITests.framework */; };
/* End PBXBuildFile section */

/* Begin PBXContainerItemProxy section */
		4C575AB125CF8DA4002A117F /* PBXContainerItemProxy */ = {
			isa = PBXContainerItemProxy;
			containerPortal = 4C575A8D25CF8DA1002A117F /* Project object */;
			proxyType = 1;
			remoteGlobalIDString = 4C575A9425CF8DA1002A117F;
			remoteInfo = WDAudioPlayCacheLoader;
		};
		4C575ABC25CF8DA4002A117F /* PBXContainerItemProxy */ = {
			isa = PBXContainerItemProxy;
			containerPortal = 4C575A8D25CF8DA1002A117F /* Project object */;
			proxyType = 1;
			remoteGlobalIDString = 4C575A9425CF8DA1002A117F;
			remoteInfo = WDAudioPlayCacheLoader;
		};
/* End PBXContainerItemProxy section */

/* Begin PBXFileReference section */
		27EBEF5AFD04008D6931384F /* Pods-WDAudioPlayCacheLoaderTests.debug.xcconfig */ = {isa = PBXFileReference; includeInIndex = 1; lastKnownFileType = text.xcconfig; name = "Pods-WDAudioPlayCacheLoaderTests.debug.xcconfig"; path = "Target Support Files/Pods-WDAudioPlayCacheLoaderTests/Pods-WDAudioPlayCacheLoaderTests.debug.xcconfig"; sourceTree = "<group>"; };
		2B80154FE4A7E710890FB9FB /* Pods-WDAudioPlayCacheLoader.release.xcconfig */ = {isa = PBXFileReference; includeInIndex = 1; lastKnownFileType = text.xcconfig; name = "Pods-WDAudioPlayCacheLoader.release.xcconfig"; path = "Target Support Files/Pods-WDAudioPlayCacheLoader/Pods-WDAudioPlayCacheLoader.release.xcconfig"; sourceTree = "<group>"; };
		37C41F7766598906A8F7CE51 /* Pods-WDAudioPlayCacheLoaderTests.release.xcconfig */ = {isa = PBXFileReference; includeInIndex = 1; lastKnownFileType = text.xcconfig; name = "Pods-WDAudioPlayCacheLoaderTests.release.xcconfig"; path = "Target Support Files/Pods-WDAudioPlayCacheLoaderTests/Pods-WDAudioPlayCacheLoaderTests.release.xcconfig"; sourceTree = "<group>"; };
		4077209321F58BEB204EC1CC /* Pods_WDAudioPlayCacheLoader.framework */ = {isa = PBXFileReference; explicitFileType = wrapper.framework; includeInIndex = 0; path = Pods_WDAudioPlayCacheLoader.framework; sourceTree = BUILT_PRODUCTS_DIR; };
		4138DBFE2B1A4741A70DFBB7 /* Pods_WDAudioPlayCacheLoaderTests.framework */ = {isa = PBXFileReference; explicitFileType = wrapper.framework; includeInIndex = 0; path = Pods_WDAudioPlayCacheLoaderTests.framework; sourceTree = BUILT_PRODUCTS_DIR; };
		4C57004A25D2805000AFC5B8 /* JWDTransport.h */ = {isa = PBXFileReference; fileEncoding = 4; lastKnownFileType = sourcecode.c.h; path = JWDTransport.h; sourceTree = "<group>"; };
		4C57004B25D2805000AFC5B8 /* NSTimer+Additions.m */ = {isa = PBXFileReference; fileEncoding = 4; lastKnownFileType = sourcecode.c.objc; path = "NSTimer+Additions.m"; sourceTree = "<group>"; };
		4C57004C25D2805000AFC5B8 /* JWDOverlayView.m */ = {isa = PBXFileReference; fileEncoding = 4; lastKnownFileType = sourcecode.c.objc; path = JWDOverlayView.m; sourceTree = "<group>"; };
		4C57004D25D2805000AFC5B8 /* JWDVideoPlayController.h */ = {isa = PBXFileReference; fileEncoding = 4; lastKnownFileType = sourcecode.c.h; path = JWDVideoPlayController.h; sourceTree = "<group>"; };
		4C57004E25D2805000AFC5B8 /* AVAsset+JWDAdditions.h */ = {isa = PBXFileReference; fileEncoding = 4; lastKnownFileType = sourcecode.c.h; path = "AVAsset+JWDAdditions.h"; sourceTree = "<group>"; };
		4C57004F25D2805000AFC5B8 /* JWDVideoHomeViewController.h */ = {isa = PBXFileReference; fileEncoding = 4; lastKnownFileType = sourcecode.c.h; path = JWDVideoHomeViewController.h; sourceTree = "<group>"; };
		4C57005025D2805000AFC5B8 /* JWDVideoPlayView.h */ = {isa = PBXFileReference; fileEncoding = 4; lastKnownFileType = sourcecode.c.h; path = JWDVideoPlayView.h; sourceTree = "<group>"; };
		4C57005125D2805000AFC5B8 /* NSTimer+Additions.h */ = {isa = PBXFileReference; fileEncoding = 4; lastKnownFileType = sourcecode.c.h; path = "NSTimer+Additions.h"; sourceTree = "<group>"; };
		4C57005225D2805000AFC5B8 /* JWDOverlayView.h */ = {isa = PBXFileReference; fileEncoding = 4; lastKnownFileType = sourcecode.c.h; path = JWDOverlayView.h; sourceTree = "<group>"; };
		4C57005325D2805000AFC5B8 /* JWDVideoPlayView.m */ = {isa = PBXFileReference; fileEncoding = 4; lastKnownFileType = sourcecode.c.objc; path = JWDVideoPlayView.m; sourceTree = "<group>"; };
		4C57005425D2805000AFC5B8 /* JWDVideoHomeViewController.m */ = {isa = PBXFileReference; fileEncoding = 4; lastKnownFileType = sourcecode.c.objc; path = JWDVideoHomeViewController.m; sourceTree = "<group>"; };
		4C57005525D2805000AFC5B8 /* AVAsset+JWDAdditions.m */ = {isa = PBXFileReference; fileEncoding = 4; lastKnownFileType = sourcecode.c.objc; path = "AVAsset+JWDAdditions.m"; sourceTree = "<group>"; };
		4C57005625D2805000AFC5B8 /* JWDVideoPlayController.m */ = {isa = PBXFileReference; fileEncoding = 4; lastKnownFileType = sourcecode.c.objc; path = JWDVideoPlayController.m; sourceTree = "<group>"; };
		4C575A9525CF8DA1002A117F /* WDAudioPlayCacheLoader.app */ = {isa = PBXFileReference; explicitFileType = wrapper.application; includeInIndex = 0; path = WDAudioPlayCacheLoader.app; sourceTree = BUILT_PRODUCTS_DIR; };
		4C575A9825CF8DA1002A117F /* AppDelegate.h */ = {isa = PBXFileReference; lastKnownFileType = sourcecode.c.h; path = AppDelegate.h; sourceTree = "<group>"; };
		4C575A9925CF8DA1002A117F /* AppDelegate.m */ = {isa = PBXFileReference; lastKnownFileType = sourcecode.c.objc; path = AppDelegate.m; sourceTree = "<group>"; };
		4C575A9B25CF8DA1002A117F /* SceneDelegate.h */ = {isa = PBXFileReference; lastKnownFileType = sourcecode.c.h; path = SceneDelegate.h; sourceTree = "<group>"; };
		4C575A9C25CF8DA1002A117F /* SceneDelegate.m */ = {isa = PBXFileReference; lastKnownFileType = sourcecode.c.objc; path = SceneDelegate.m; sourceTree = "<group>"; };
		4C575A9E25CF8DA1002A117F /* ViewController.h */ = {isa = PBXFileReference; lastKnownFileType = sourcecode.c.h; path = ViewController.h; sourceTree = "<group>"; };
		4C575A9F25CF8DA1002A117F /* ViewController.m */ = {isa = PBXFileReference; lastKnownFileType = sourcecode.c.objc; path = ViewController.m; sourceTree = "<group>"; };
		4C575AA225CF8DA1002A117F /* Base */ = {isa = PBXFileReference; lastKnownFileType = file.storyboard; name = Base; path = Base.lproj/Main.storyboard; sourceTree = "<group>"; };
		4C575AA425CF8DA3002A117F /* Assets.xcassets */ = {isa = PBXFileReference; lastKnownFileType = folder.assetcatalog; path = Assets.xcassets; sourceTree = "<group>"; };
		4C575AA725CF8DA3002A117F /* Base */ = {isa = PBXFileReference; lastKnownFileType = file.storyboard; name = Base; path = Base.lproj/LaunchScreen.storyboard; sourceTree = "<group>"; };
		4C575AA925CF8DA3002A117F /* Info.plist */ = {isa = PBXFileReference; lastKnownFileType = text.plist.xml; path = Info.plist; sourceTree = "<group>"; };
		4C575AAA25CF8DA3002A117F /* main.m */ = {isa = PBXFileReference; lastKnownFileType = sourcecode.c.objc; path = main.m; sourceTree = "<group>"; };
		4C575AB025CF8DA4002A117F /* WDAudioPlayCacheLoaderTests.xctest */ = {isa = PBXFileReference; explicitFileType = wrapper.cfbundle; includeInIndex = 0; path = WDAudioPlayCacheLoaderTests.xctest; sourceTree = BUILT_PRODUCTS_DIR; };
		4C575AB425CF8DA4002A117F /* WDAudioPlayCacheLoaderTests.m */ = {isa = PBXFileReference; lastKnownFileType = sourcecode.c.objc; path = WDAudioPlayCacheLoaderTests.m; sourceTree = "<group>"; };
		4C575AB625CF8DA4002A117F /* Info.plist */ = {isa = PBXFileReference; lastKnownFileType = text.plist.xml; path = Info.plist; sourceTree = "<group>"; };
		4C575ABB25CF8DA4002A117F /* WDAudioPlayCacheLoaderUITests.xctest */ = {isa = PBXFileReference; explicitFileType = wrapper.cfbundle; includeInIndex = 0; path = WDAudioPlayCacheLoaderUITests.xctest; sourceTree = BUILT_PRODUCTS_DIR; };
		4C575ABF25CF8DA4002A117F /* WDAudioPlayCacheLoaderUITests.m */ = {isa = PBXFileReference; lastKnownFileType = sourcecode.c.objc; path = WDAudioPlayCacheLoaderUITests.m; sourceTree = "<group>"; };
		4C575AC125CF8DA4002A117F /* Info.plist */ = {isa = PBXFileReference; lastKnownFileType = text.plist.xml; path = Info.plist; sourceTree = "<group>"; };
		4C575AD825CFBF6F002A117F /* WDAudioPlayRequestTask.h */ = {isa = PBXFileReference; lastKnownFileType = sourcecode.c.h; path = WDAudioPlayRequestTask.h; sourceTree = "<group>"; };
		4C575AD925CFBF6F002A117F /* WDAudioPlayRequestTask.m */ = {isa = PBXFileReference; lastKnownFileType = sourcecode.c.objc; path = WDAudioPlayRequestTask.m; sourceTree = "<group>"; };
		4C575AE225CFC4E5002A117F /* WDAudioPlayCacheTools.h */ = {isa = PBXFileReference; lastKnownFileType = sourcecode.c.h; path = WDAudioPlayCacheTools.h; sourceTree = "<group>"; };
		4C575AE325CFC4E5002A117F /* WDAudioPlayCacheTools.m */ = {isa = PBXFileReference; lastKnownFileType = sourcecode.c.objc; path = WDAudioPlayCacheTools.m; sourceTree = "<group>"; };
		4C57FFDD25D2375A00AFC5B8 /* WDAudioPlayResourceLoader.h */ = {isa = PBXFileReference; lastKnownFileType = sourcecode.c.h; path = WDAudioPlayResourceLoader.h; sourceTree = "<group>"; };
		4C57FFDE25D2375A00AFC5B8 /* WDAudioPlayResourceLoader.m */ = {isa = PBXFileReference; lastKnownFileType = sourcecode.c.objc; path = WDAudioPlayResourceLoader.m; sourceTree = "<group>"; };
		7DBA91981C80752B503F78FD /* Pods-WDAudioPlayCacheLoader-WDAudioPlayCacheLoaderUITests.debug.xcconfig */ = {isa = PBXFileReference; includeInIndex = 1; lastKnownFileType = text.xcconfig; name = "Pods-WDAudioPlayCacheLoader-WDAudioPlayCacheLoaderUITests.debug.xcconfig"; path = "Target Support Files/Pods-WDAudioPlayCacheLoader-WDAudioPlayCacheLoaderUITests/Pods-WDAudioPlayCacheLoader-WDAudioPlayCacheLoaderUITests.debug.xcconfig"; sourceTree = "<group>"; };
		D3A7C643B7869E41A2270F26 /* Pods_WDAudioPlayCacheLoader_WDAudioPlayCacheLoaderUITests.framework */ = {isa = PBXFileReference; explicitFileType = wrapper.framework; includeInIndex = 0; path = Pods_WDAudioPlayCacheLoader_WDAudioPlayCacheLoaderUITests.framework; sourceTree = BUILT_PRODUCTS_DIR; };
		E794300CD4C9AA8DAB70203D /* Pods-WDAudioPlayCacheLoader.debug.xcconfig */ = {isa = PBXFileReference; includeInIndex = 1; lastKnownFileType = text.xcconfig; name = "Pods-WDAudioPlayCacheLoader.debug.xcconfig"; path = "Target Support Files/Pods-WDAudioPlayCacheLoader/Pods-WDAudioPlayCacheLoader.debug.xcconfig"; sourceTree = "<group>"; };
		EFE7E9CA221189ED5A0372E4 /* Pods-WDAudioPlayCacheLoader-WDAudioPlayCacheLoaderUITests.release.xcconfig */ = {isa = PBXFileReference; includeInIndex = 1; lastKnownFileType = text.xcconfig; name = "Pods-WDAudioPlayCacheLoader-WDAudioPlayCacheLoaderUITests.release.xcconfig"; path = "Target Support Files/Pods-WDAudioPlayCacheLoader-WDAudioPlayCacheLoaderUITests/Pods-WDAudioPlayCacheLoader-WDAudioPlayCacheLoaderUITests.release.xcconfig"; sourceTree = "<group>"; };
/* End PBXFileReference section */

/* Begin PBXFrameworksBuildPhase section */
		4C575A9225CF8DA1002A117F /* Frameworks */ = {
			isa = PBXFrameworksBuildPhase;
			buildActionMask = 2147483647;
			files = (
				81C68F502ABE296F2957A29D /* Pods_WDAudioPlayCacheLoader.framework in Frameworks */,
			);
			runOnlyForDeploymentPostprocessing = 0;
		};
		4C575AAD25CF8DA4002A117F /* Frameworks */ = {
			isa = PBXFrameworksBuildPhase;
			buildActionMask = 2147483647;
			files = (
				0191BE87961C33AA24713AA9 /* Pods_WDAudioPlayCacheLoaderTests.framework in Frameworks */,
			);
			runOnlyForDeploymentPostprocessing = 0;
		};
		4C575AB825CF8DA4002A117F /* Frameworks */ = {
			isa = PBXFrameworksBuildPhase;
			buildActionMask = 2147483647;
			files = (
				BBBB4FC4DFE46BC28511278B /* Pods_WDAudioPlayCacheLoader_WDAudioPlayCacheLoaderUITests.framework in Frameworks */,
			);
			runOnlyForDeploymentPostprocessing = 0;
		};
/* End PBXFrameworksBuildPhase section */

/* Begin PBXGroup section */
		4C57004925D2805000AFC5B8 /* play */ = {
			isa = PBXGroup;
			children = (
				4C57004A25D2805000AFC5B8 /* JWDTransport.h */,
				4C57005125D2805000AFC5B8 /* NSTimer+Additions.h */,
				4C57004B25D2805000AFC5B8 /* NSTimer+Additions.m */,
				4C57004E25D2805000AFC5B8 /* AVAsset+JWDAdditions.h */,
				4C57005525D2805000AFC5B8 /* AVAsset+JWDAdditions.m */,
				4C57004F25D2805000AFC5B8 /* JWDVideoHomeViewController.h */,
				4C57005425D2805000AFC5B8 /* JWDVideoHomeViewController.m */,
				4C57005225D2805000AFC5B8 /* JWDOverlayView.h */,
				4C57004C25D2805000AFC5B8 /* JWDOverlayView.m */,
				4C57005025D2805000AFC5B8 /* JWDVideoPlayView.h */,
				4C57005325D2805000AFC5B8 /* JWDVideoPlayView.m */,
				4C57004D25D2805000AFC5B8 /* JWDVideoPlayController.h */,
				4C57005625D2805000AFC5B8 /* JWDVideoPlayController.m */,
			);
			path = play;
			sourceTree = "<group>";
		};
		4C575A8C25CF8DA1002A117F = {
			isa = PBXGroup;
			children = (
				4C575A9725CF8DA1002A117F /* WDAudioPlayCacheLoader */,
				4C575AB325CF8DA4002A117F /* WDAudioPlayCacheLoaderTests */,
				4C575ABE25CF8DA4002A117F /* WDAudioPlayCacheLoaderUITests */,
				4C575A9625CF8DA1002A117F /* Products */,
				9AD1B674508819C365D6F2D5 /* Pods */,
				B95D2E5E3A71BC56DB097541 /* Frameworks */,
			);
			sourceTree = "<group>";
		};
		4C575A9625CF8DA1002A117F /* Products */ = {
			isa = PBXGroup;
			children = (
				4C575A9525CF8DA1002A117F /* WDAudioPlayCacheLoader.app */,
				4C575AB025CF8DA4002A117F /* WDAudioPlayCacheLoaderTests.xctest */,
				4C575ABB25CF8DA4002A117F /* WDAudioPlayCacheLoaderUITests.xctest */,
			);
			name = Products;
			sourceTree = "<group>";
		};
		4C575A9725CF8DA1002A117F /* WDAudioPlayCacheLoader */ = {
			isa = PBXGroup;
			children = (
				4C57004925D2805000AFC5B8 /* play */,
				4C575AE125CFC4BC002A117F /* tools */,
				4C575AD725CFBF3F002A117F /* loader */,
				4C575A9825CF8DA1002A117F /* AppDelegate.h */,
				4C575A9925CF8DA1002A117F /* AppDelegate.m */,
				4C575A9B25CF8DA1002A117F /* SceneDelegate.h */,
				4C575A9C25CF8DA1002A117F /* SceneDelegate.m */,
				4C575A9E25CF8DA1002A117F /* ViewController.h */,
				4C575A9F25CF8DA1002A117F /* ViewController.m */,
				4C575AA125CF8DA1002A117F /* Main.storyboard */,
				4C575AA425CF8DA3002A117F /* Assets.xcassets */,
				4C575AA625CF8DA3002A117F /* LaunchScreen.storyboard */,
				4C575AA925CF8DA3002A117F /* Info.plist */,
				4C575AAA25CF8DA3002A117F /* main.m */,
			);
			path = WDAudioPlayCacheLoader;
			sourceTree = "<group>";
		};
		4C575AB325CF8DA4002A117F /* WDAudioPlayCacheLoaderTests */ = {
			isa = PBXGroup;
			children = (
				4C575AB425CF8DA4002A117F /* WDAudioPlayCacheLoaderTests.m */,
				4C575AB625CF8DA4002A117F /* Info.plist */,
			);
			path = WDAudioPlayCacheLoaderTests;
			sourceTree = "<group>";
		};
		4C575ABE25CF8DA4002A117F /* WDAudioPlayCacheLoaderUITests */ = {
			isa = PBXGroup;
			children = (
				4C575ABF25CF8DA4002A117F /* WDAudioPlayCacheLoaderUITests.m */,
				4C575AC125CF8DA4002A117F /* Info.plist */,
			);
			path = WDAudioPlayCacheLoaderUITests;
			sourceTree = "<group>";
		};
		4C575AD725CFBF3F002A117F /* loader */ = {
			isa = PBXGroup;
			children = (
				4C575AD825CFBF6F002A117F /* WDAudioPlayRequestTask.h */,
				4C575AD925CFBF6F002A117F /* WDAudioPlayRequestTask.m */,
				4C57FFDD25D2375A00AFC5B8 /* WDAudioPlayResourceLoader.h */,
				4C57FFDE25D2375A00AFC5B8 /* WDAudioPlayResourceLoader.m */,
			);
			path = loader;
			sourceTree = "<group>";
		};
		4C575AE125CFC4BC002A117F /* tools */ = {
			isa = PBXGroup;
			children = (
				4C575AE225CFC4E5002A117F /* WDAudioPlayCacheTools.h */,
				4C575AE325CFC4E5002A117F /* WDAudioPlayCacheTools.m */,
			);
			path = tools;
			sourceTree = "<group>";
		};
		9AD1B674508819C365D6F2D5 /* Pods */ = {
			isa = PBXGroup;
			children = (
				E794300CD4C9AA8DAB70203D /* Pods-WDAudioPlayCacheLoader.debug.xcconfig */,
				2B80154FE4A7E710890FB9FB /* Pods-WDAudioPlayCacheLoader.release.xcconfig */,
				7DBA91981C80752B503F78FD /* Pods-WDAudioPlayCacheLoader-WDAudioPlayCacheLoaderUITests.debug.xcconfig */,
				EFE7E9CA221189ED5A0372E4 /* Pods-WDAudioPlayCacheLoader-WDAudioPlayCacheLoaderUITests.release.xcconfig */,
				27EBEF5AFD04008D6931384F /* Pods-WDAudioPlayCacheLoaderTests.debug.xcconfig */,
				37C41F7766598906A8F7CE51 /* Pods-WDAudioPlayCacheLoaderTests.release.xcconfig */,
			);
			path = Pods;
			sourceTree = "<group>";
		};
		B95D2E5E3A71BC56DB097541 /* Frameworks */ = {
			isa = PBXGroup;
			children = (
				4077209321F58BEB204EC1CC /* Pods_WDAudioPlayCacheLoader.framework */,
				D3A7C643B7869E41A2270F26 /* Pods_WDAudioPlayCacheLoader_WDAudioPlayCacheLoaderUITests.framework */,
				4138DBFE2B1A4741A70DFBB7 /* Pods_WDAudioPlayCacheLoaderTests.framework */,
			);
			name = Frameworks;
			sourceTree = "<group>";
		};
/* End PBXGroup section */

/* Begin PBXNativeTarget section */
		4C575A9425CF8DA1002A117F /* WDAudioPlayCacheLoader */ = {
			isa = PBXNativeTarget;
			buildConfigurationList = 4C575AC425CF8DA4002A117F /* Build configuration list for PBXNativeTarget "WDAudioPlayCacheLoader" */;
			buildPhases = (
				1E080CC22BB2D67B09E51BA3 /* [CP] Check Pods Manifest.lock */,
				4C575A9125CF8DA1002A117F /* Sources */,
				4C575A9225CF8DA1002A117F /* Frameworks */,
				4C575A9325CF8DA1002A117F /* Resources */,
				E7D4F1CE5743A68AD1F63293 /* [CP] Embed Pods Frameworks */,
			);
			buildRules = (
			);
			dependencies = (
			);
			name = WDAudioPlayCacheLoader;
			productName = WDAudioPlayCacheLoader;
			productReference = 4C575A9525CF8DA1002A117F /* WDAudioPlayCacheLoader.app */;
			productType = "com.apple.product-type.application";
		};
		4C575AAF25CF8DA4002A117F /* WDAudioPlayCacheLoaderTests */ = {
			isa = PBXNativeTarget;
			buildConfigurationList = 4C575AC725CF8DA4002A117F /* Build configuration list for PBXNativeTarget "WDAudioPlayCacheLoaderTests" */;
			buildPhases = (
				49BDE386F0D58488B0D27804 /* [CP] Check Pods Manifest.lock */,
				4C575AAC25CF8DA4002A117F /* Sources */,
				4C575AAD25CF8DA4002A117F /* Frameworks */,
				4C575AAE25CF8DA4002A117F /* Resources */,
			);
			buildRules = (
			);
			dependencies = (
				4C575AB225CF8DA4002A117F /* PBXTargetDependency */,
			);
			name = WDAudioPlayCacheLoaderTests;
			productName = WDAudioPlayCacheLoaderTests;
			productReference = 4C575AB025CF8DA4002A117F /* WDAudioPlayCacheLoaderTests.xctest */;
			productType = "com.apple.product-type.bundle.unit-test";
		};
		4C575ABA25CF8DA4002A117F /* WDAudioPlayCacheLoaderUITests */ = {
			isa = PBXNativeTarget;
			buildConfigurationList = 4C575ACA25CF8DA4002A117F /* Build configuration list for PBXNativeTarget "WDAudioPlayCacheLoaderUITests" */;
			buildPhases = (
				8F832E782B8C1D54CA01D160 /* [CP] Check Pods Manifest.lock */,
				4C575AB725CF8DA4002A117F /* Sources */,
				4C575AB825CF8DA4002A117F /* Frameworks */,
				4C575AB925CF8DA4002A117F /* Resources */,
				CA41704DD857D317C55F0D48 /* [CP] Embed Pods Frameworks */,
			);
			buildRules = (
			);
			dependencies = (
				4C575ABD25CF8DA4002A117F /* PBXTargetDependency */,
			);
			name = WDAudioPlayCacheLoaderUITests;
			productName = WDAudioPlayCacheLoaderUITests;
			productReference = 4C575ABB25CF8DA4002A117F /* WDAudioPlayCacheLoaderUITests.xctest */;
			productType = "com.apple.product-type.bundle.ui-testing";
		};
/* End PBXNativeTarget section */

/* Begin PBXProject section */
		4C575A8D25CF8DA1002A117F /* Project object */ = {
			isa = PBXProject;
			attributes = {
				LastUpgradeCheck = 1210;
				TargetAttributes = {
					4C575A9425CF8DA1002A117F = {
						CreatedOnToolsVersion = 12.1;
					};
					4C575AAF25CF8DA4002A117F = {
						CreatedOnToolsVersion = 12.1;
						TestTargetID = 4C575A9425CF8DA1002A117F;
					};
					4C575ABA25CF8DA4002A117F = {
						CreatedOnToolsVersion = 12.1;
						TestTargetID = 4C575A9425CF8DA1002A117F;
					};
				};
			};
			buildConfigurationList = 4C575A9025CF8DA1002A117F /* Build configuration list for PBXProject "WDAudioPlayCacheLoader" */;
			compatibilityVersion = "Xcode 9.3";
			developmentRegion = en;
			hasScannedForEncodings = 0;
			knownRegions = (
				en,
				Base,
			);
			mainGroup = 4C575A8C25CF8DA1002A117F;
			productRefGroup = 4C575A9625CF8DA1002A117F /* Products */;
			projectDirPath = "";
			projectRoot = "";
			targets = (
				4C575A9425CF8DA1002A117F /* WDAudioPlayCacheLoader */,
				4C575AAF25CF8DA4002A117F /* WDAudioPlayCacheLoaderTests */,
				4C575ABA25CF8DA4002A117F /* WDAudioPlayCacheLoaderUITests */,
			);
		};
/* End PBXProject section */

/* Begin PBXResourcesBuildPhase section */
		4C575A9325CF8DA1002A117F /* Resources */ = {
			isa = PBXResourcesBuildPhase;
			buildActionMask = 2147483647;
			files = (
				4C575AA825CF8DA3002A117F /* LaunchScreen.storyboard in Resources */,
				4C575AA525CF8DA3002A117F /* Assets.xcassets in Resources */,
				4C575AA325CF8DA1002A117F /* Main.storyboard in Resources */,
			);
			runOnlyForDeploymentPostprocessing = 0;
		};
		4C575AAE25CF8DA4002A117F /* Resources */ = {
			isa = PBXResourcesBuildPhase;
			buildActionMask = 2147483647;
			files = (
			);
			runOnlyForDeploymentPostprocessing = 0;
		};
		4C575AB925CF8DA4002A117F /* Resources */ = {
			isa = PBXResourcesBuildPhase;
			buildActionMask = 2147483647;
			files = (
			);
			runOnlyForDeploymentPostprocessing = 0;
		};
/* End PBXResourcesBuildPhase section */

/* Begin PBXShellScriptBuildPhase section */
		1E080CC22BB2D67B09E51BA3 /* [CP] Check Pods Manifest.lock */ = {
			isa = PBXShellScriptBuildPhase;
			buildActionMask = 2147483647;
			files = (
			);
			inputFileListPaths = (
			);
			inputPaths = (
				"${PODS_PODFILE_DIR_PATH}/Podfile.lock",
				"${PODS_ROOT}/Manifest.lock",
			);
			name = "[CP] Check Pods Manifest.lock";
			outputFileListPaths = (
			);
			outputPaths = (
				"$(DERIVED_FILE_DIR)/Pods-WDAudioPlayCacheLoader-checkManifestLockResult.txt",
			);
			runOnlyForDeploymentPostprocessing = 0;
			shellPath = /bin/sh;
			shellScript = "diff \"${PODS_PODFILE_DIR_PATH}/Podfile.lock\" \"${PODS_ROOT}/Manifest.lock\" > /dev/null\nif [ $? != 0 ] ; then\n    # print error to STDERR\n    echo \"error: The sandbox is not in sync with the Podfile.lock. Run 'pod install' or update your CocoaPods installation.\" >&2\n    exit 1\nfi\n# This output is used by Xcode 'outputs' to avoid re-running this script phase.\necho \"SUCCESS\" > \"${SCRIPT_OUTPUT_FILE_0}\"\n";
			showEnvVarsInLog = 0;
		};
		49BDE386F0D58488B0D27804 /* [CP] Check Pods Manifest.lock */ = {
			isa = PBXShellScriptBuildPhase;
			buildActionMask = 2147483647;
			files = (
			);
			inputFileListPaths = (
			);
			inputPaths = (
				"${PODS_PODFILE_DIR_PATH}/Podfile.lock",
				"${PODS_ROOT}/Manifest.lock",
			);
			name = "[CP] Check Pods Manifest.lock";
			outputFileListPaths = (
			);
			outputPaths = (
				"$(DERIVED_FILE_DIR)/Pods-WDAudioPlayCacheLoaderTests-checkManifestLockResult.txt",
			);
			runOnlyForDeploymentPostprocessing = 0;
			shellPath = /bin/sh;
			shellScript = "diff \"${PODS_PODFILE_DIR_PATH}/Podfile.lock\" \"${PODS_ROOT}/Manifest.lock\" > /dev/null\nif [ $? != 0 ] ; then\n    # print error to STDERR\n    echo \"error: The sandbox is not in sync with the Podfile.lock. Run 'pod install' or update your CocoaPods installation.\" >&2\n    exit 1\nfi\n# This output is used by Xcode 'outputs' to avoid re-running this script phase.\necho \"SUCCESS\" > \"${SCRIPT_OUTPUT_FILE_0}\"\n";
			showEnvVarsInLog = 0;
		};
		8F832E782B8C1D54CA01D160 /* [CP] Check Pods Manifest.lock */ = {
			isa = PBXShellScriptBuildPhase;
			buildActionMask = 2147483647;
			files = (
			);
			inputFileListPaths = (
			);
			inputPaths = (
				"${PODS_PODFILE_DIR_PATH}/Podfile.lock",
				"${PODS_ROOT}/Manifest.lock",
			);
			name = "[CP] Check Pods Manifest.lock";
			outputFileListPaths = (
			);
			outputPaths = (
				"$(DERIVED_FILE_DIR)/Pods-WDAudioPlayCacheLoader-WDAudioPlayCacheLoaderUITests-checkManifestLockResult.txt",
			);
			runOnlyForDeploymentPostprocessing = 0;
			shellPath = /bin/sh;
			shellScript = "diff \"${PODS_PODFILE_DIR_PATH}/Podfile.lock\" \"${PODS_ROOT}/Manifest.lock\" > /dev/null\nif [ $? != 0 ] ; then\n    # print error to STDERR\n    echo \"error: The sandbox is not in sync with the Podfile.lock. Run 'pod install' or update your CocoaPods installation.\" >&2\n    exit 1\nfi\n# This output is used by Xcode 'outputs' to avoid re-running this script phase.\necho \"SUCCESS\" > \"${SCRIPT_OUTPUT_FILE_0}\"\n";
			showEnvVarsInLog = 0;
		};
		CA41704DD857D317C55F0D48 /* [CP] Embed Pods Frameworks */ = {
			isa = PBXShellScriptBuildPhase;
			buildActionMask = 2147483647;
			files = (
			);
			inputFileListPaths = (
				"${PODS_ROOT}/Target Support Files/Pods-WDAudioPlayCacheLoader-WDAudioPlayCacheLoaderUITests/Pods-WDAudioPlayCacheLoader-WDAudioPlayCacheLoaderUITests-frameworks-${CONFIGURATION}-input-files.xcfilelist",
			);
			name = "[CP] Embed Pods Frameworks";
			outputFileListPaths = (
				"${PODS_ROOT}/Target Support Files/Pods-WDAudioPlayCacheLoader-WDAudioPlayCacheLoaderUITests/Pods-WDAudioPlayCacheLoader-WDAudioPlayCacheLoaderUITests-frameworks-${CONFIGURATION}-output-files.xcfilelist",
			);
			runOnlyForDeploymentPostprocessing = 0;
			shellPath = /bin/sh;
			shellScript = "\"${PODS_ROOT}/Target Support Files/Pods-WDAudioPlayCacheLoader-WDAudioPlayCacheLoaderUITests/Pods-WDAudioPlayCacheLoader-WDAudioPlayCacheLoaderUITests-frameworks.sh\"\n";
			showEnvVarsInLog = 0;
		};
		E7D4F1CE5743A68AD1F63293 /* [CP] Embed Pods Frameworks */ = {
			isa = PBXShellScriptBuildPhase;
			buildActionMask = 2147483647;
			files = (
			);
			inputFileListPaths = (
				"${PODS_ROOT}/Target Support Files/Pods-WDAudioPlayCacheLoader/Pods-WDAudioPlayCacheLoader-frameworks-${CONFIGURATION}-input-files.xcfilelist",
			);
			name = "[CP] Embed Pods Frameworks";
			outputFileListPaths = (
				"${PODS_ROOT}/Target Support Files/Pods-WDAudioPlayCacheLoader/Pods-WDAudioPlayCacheLoader-frameworks-${CONFIGURATION}-output-files.xcfilelist",
			);
			runOnlyForDeploymentPostprocessing = 0;
			shellPath = /bin/sh;
			shellScript = "\"${PODS_ROOT}/Target Support Files/Pods-WDAudioPlayCacheLoader/Pods-WDAudioPlayCacheLoader-frameworks.sh\"\n";
			showEnvVarsInLog = 0;
		};
/* End PBXShellScriptBuildPhase section */

/* Begin PBXSourcesBuildPhase section */
		4C575A9125CF8DA1002A117F /* Sources */ = {
			isa = PBXSourcesBuildPhase;
			buildActionMask = 2147483647;
			files = (
				4C575AE425CFC4E5002A117F /* WDAudioPlayCacheTools.m in Sources */,
				4C57005A25D2805000AFC5B8 /* JWDVideoHomeViewController.m in Sources */,
				4C57FFDF25D2375A00AFC5B8 /* WDAudioPlayResourceLoader.m in Sources */,
				4C57005C25D2805000AFC5B8 /* JWDVideoPlayController.m in Sources */,
				4C57005B25D2805000AFC5B8 /* AVAsset+JWDAdditions.m in Sources */,
				4C57005725D2805000AFC5B8 /* NSTimer+Additions.m in Sources */,
				4C575AA025CF8DA1002A117F /* ViewController.m in Sources */,
				4C57005825D2805000AFC5B8 /* JWDOverlayView.m in Sources */,
				4C575A9A25CF8DA1002A117F /* AppDelegate.m in Sources */,
				4C575ADA25CFBF6F002A117F /* WDAudioPlayRequestTask.m in Sources */,
				4C575AAB25CF8DA3002A117F /* main.m in Sources */,
				4C57005925D2805000AFC5B8 /* JWDVideoPlayView.m in Sources */,
				4C575A9D25CF8DA1002A117F /* SceneDelegate.m in Sources */,
			);
			runOnlyForDeploymentPostprocessing = 0;
		};
		4C575AAC25CF8DA4002A117F /* Sources */ = {
			isa = PBXSourcesBuildPhase;
			buildActionMask = 2147483647;
			files = (
				4C575AB525CF8DA4002A117F /* WDAudioPlayCacheLoaderTests.m in Sources */,
			);
			runOnlyForDeploymentPostprocessing = 0;
		};
		4C575AB725CF8DA4002A117F /* Sources */ = {
			isa = PBXSourcesBuildPhase;
			buildActionMask = 2147483647;
			files = (
				4C575AC025CF8DA4002A117F /* WDAudioPlayCacheLoaderUITests.m in Sources */,
			);
			runOnlyForDeploymentPostprocessing = 0;
		};
/* End PBXSourcesBuildPhase section */

/* Begin PBXTargetDependency section */
		4C575AB225CF8DA4002A117F /* PBXTargetDependency */ = {
			isa = PBXTargetDependency;
			target = 4C575A9425CF8DA1002A117F /* WDAudioPlayCacheLoader */;
			targetProxy = 4C575AB125CF8DA4002A117F /* PBXContainerItemProxy */;
		};
		4C575ABD25CF8DA4002A117F /* PBXTargetDependency */ = {
			isa = PBXTargetDependency;
			target = 4C575A9425CF8DA1002A117F /* WDAudioPlayCacheLoader */;
			targetProxy = 4C575ABC25CF8DA4002A117F /* PBXContainerItemProxy */;
		};
/* End PBXTargetDependency section */

/* Begin PBXVariantGroup section */
		4C575AA125CF8DA1002A117F /* Main.storyboard */ = {
			isa = PBXVariantGroup;
			children = (
				4C575AA225CF8DA1002A117F /* Base */,
			);
			name = Main.storyboard;
			sourceTree = "<group>";
		};
		4C575AA625CF8DA3002A117F /* LaunchScreen.storyboard */ = {
			isa = PBXVariantGroup;
			children = (
				4C575AA725CF8DA3002A117F /* Base */,
			);
			name = LaunchScreen.storyboard;
			sourceTree = "<group>";
		};
/* End PBXVariantGroup section */

/* Begin XCBuildConfiguration section */
		4C575AC225CF8DA4002A117F /* Debug */ = {
			isa = XCBuildConfiguration;
			buildSettings = {
				ALWAYS_SEARCH_USER_PATHS = NO;
				CLANG_ANALYZER_NONNULL = YES;
				CLANG_ANALYZER_NUMBER_OBJECT_CONVERSION = YES_AGGRESSIVE;
				CLANG_CXX_LANGUAGE_STANDARD = "gnu++14";
				CLANG_CXX_LIBRARY = "libc++";
				CLANG_ENABLE_MODULES = YES;
				CLANG_ENABLE_OBJC_ARC = YES;
				CLANG_ENABLE_OBJC_WEAK = YES;
				CLANG_WARN_BLOCK_CAPTURE_AUTORELEASING = YES;
				CLANG_WARN_BOOL_CONVERSION = YES;
				CLANG_WARN_COMMA = YES;
				CLANG_WARN_CONSTANT_CONVERSION = YES;
				CLANG_WARN_DEPRECATED_OBJC_IMPLEMENTATIONS = YES;
				CLANG_WARN_DIRECT_OBJC_ISA_USAGE = YES_ERROR;
				CLANG_WARN_DOCUMENTATION_COMMENTS = YES;
				CLANG_WARN_EMPTY_BODY = YES;
				CLANG_WARN_ENUM_CONVERSION = YES;
				CLANG_WARN_INFINITE_RECURSION = YES;
				CLANG_WARN_INT_CONVERSION = YES;
				CLANG_WARN_NON_LITERAL_NULL_CONVERSION = YES;
				CLANG_WARN_OBJC_IMPLICIT_RETAIN_SELF = YES;
				CLANG_WARN_OBJC_LITERAL_CONVERSION = YES;
				CLANG_WARN_OBJC_ROOT_CLASS = YES_ERROR;
				CLANG_WARN_QUOTED_INCLUDE_IN_FRAMEWORK_HEADER = YES;
				CLANG_WARN_RANGE_LOOP_ANALYSIS = YES;
				CLANG_WARN_STRICT_PROTOTYPES = YES;
				CLANG_WARN_SUSPICIOUS_MOVE = YES;
				CLANG_WARN_UNGUARDED_AVAILABILITY = YES_AGGRESSIVE;
				CLANG_WARN_UNREACHABLE_CODE = YES;
				CLANG_WARN__DUPLICATE_METHOD_MATCH = YES;
				COPY_PHASE_STRIP = NO;
				DEBUG_INFORMATION_FORMAT = dwarf;
				ENABLE_STRICT_OBJC_MSGSEND = YES;
				ENABLE_TESTABILITY = YES;
				GCC_C_LANGUAGE_STANDARD = gnu11;
				GCC_DYNAMIC_NO_PIC = NO;
				GCC_NO_COMMON_BLOCKS = YES;
				GCC_OPTIMIZATION_LEVEL = 0;
				GCC_PREPROCESSOR_DEFINITIONS = (
					"DEBUG=1",
					"$(inherited)",
				);
				GCC_WARN_64_TO_32_BIT_CONVERSION = YES;
				GCC_WARN_ABOUT_RETURN_TYPE = YES_ERROR;
				GCC_WARN_UNDECLARED_SELECTOR = YES;
				GCC_WARN_UNINITIALIZED_AUTOS = YES_AGGRESSIVE;
				GCC_WARN_UNUSED_FUNCTION = YES;
				GCC_WARN_UNUSED_VARIABLE = YES;
				IPHONEOS_DEPLOYMENT_TARGET = 14.1;
				MTL_ENABLE_DEBUG_INFO = INCLUDE_SOURCE;
				MTL_FAST_MATH = YES;
				ONLY_ACTIVE_ARCH = YES;
				SDKROOT = iphoneos;
			};
			name = Debug;
		};
		4C575AC325CF8DA4002A117F /* Release */ = {
			isa = XCBuildConfiguration;
			buildSettings = {
				ALWAYS_SEARCH_USER_PATHS = NO;
				CLANG_ANALYZER_NONNULL = YES;
				CLANG_ANALYZER_NUMBER_OBJECT_CONVERSION = YES_AGGRESSIVE;
				CLANG_CXX_LANGUAGE_STANDARD = "gnu++14";
				CLANG_CXX_LIBRARY = "libc++";
				CLANG_ENABLE_MODULES = YES;
				CLANG_ENABLE_OBJC_ARC = YES;
				CLANG_ENABLE_OBJC_WEAK = YES;
				CLANG_WARN_BLOCK_CAPTURE_AUTORELEASING = YES;
				CLANG_WARN_BOOL_CONVERSION = YES;
				CLANG_WARN_COMMA = YES;
				CLANG_WARN_CONSTANT_CONVERSION = YES;
				CLANG_WARN_DEPRECATED_OBJC_IMPLEMENTATIONS = YES;
				CLANG_WARN_DIRECT_OBJC_ISA_USAGE = YES_ERROR;
				CLANG_WARN_DOCUMENTATION_COMMENTS = YES;
				CLANG_WARN_EMPTY_BODY = YES;
				CLANG_WARN_ENUM_CONVERSION = YES;
				CLANG_WARN_INFINITE_RECURSION = YES;
				CLANG_WARN_INT_CONVERSION = YES;
				CLANG_WARN_NON_LITERAL_NULL_CONVERSION = YES;
				CLANG_WARN_OBJC_IMPLICIT_RETAIN_SELF = YES;
				CLANG_WARN_OBJC_LITERAL_CONVERSION = YES;
				CLANG_WARN_OBJC_ROOT_CLASS = YES_ERROR;
				CLANG_WARN_QUOTED_INCLUDE_IN_FRAMEWORK_HEADER = YES;
				CLANG_WARN_RANGE_LOOP_ANALYSIS = YES;
				CLANG_WARN_STRICT_PROTOTYPES = YES;
				CLANG_WARN_SUSPICIOUS_MOVE = YES;
				CLANG_WARN_UNGUARDED_AVAILABILITY = YES_AGGRESSIVE;
				CLANG_WARN_UNREACHABLE_CODE = YES;
				CLANG_WARN__DUPLICATE_METHOD_MATCH = YES;
				COPY_PHASE_STRIP = NO;
				DEBUG_INFORMATION_FORMAT = "dwarf-with-dsym";
				ENABLE_NS_ASSERTIONS = NO;
				ENABLE_STRICT_OBJC_MSGSEND = YES;
				GCC_C_LANGUAGE_STANDARD = gnu11;
				GCC_NO_COMMON_BLOCKS = YES;
				GCC_WARN_64_TO_32_BIT_CONVERSION = YES;
				GCC_WARN_ABOUT_RETURN_TYPE = YES_ERROR;
				GCC_WARN_UNDECLARED_SELECTOR = YES;
				GCC_WARN_UNINITIALIZED_AUTOS = YES_AGGRESSIVE;
				GCC_WARN_UNUSED_FUNCTION = YES;
				GCC_WARN_UNUSED_VARIABLE = YES;
				IPHONEOS_DEPLOYMENT_TARGET = 14.1;
				MTL_ENABLE_DEBUG_INFO = NO;
				MTL_FAST_MATH = YES;
				SDKROOT = iphoneos;
				VALIDATE_PRODUCT = YES;
			};
			name = Release;
		};
		4C575AC525CF8DA4002A117F /* Debug */ = {
			isa = XCBuildConfiguration;
			baseConfigurationReference = E794300CD4C9AA8DAB70203D /* Pods-WDAudioPlayCacheLoader.debug.xcconfig */;
			buildSettings = {
				ASSETCATALOG_COMPILER_APPICON_NAME = AppIcon;
				ASSETCATALOG_COMPILER_GLOBAL_ACCENT_COLOR_NAME = AccentColor;
				CODE_SIGN_STYLE = Automatic;
				DEVELOPMENT_TEAM = 3ZPP94SLYH;
				INFOPLIST_FILE = WDAudioPlayCacheLoader/Info.plist;
				IPHONEOS_DEPLOYMENT_TARGET = 11.0;
				LD_RUNPATH_SEARCH_PATHS = (
					"$(inherited)",
					"@executable_path/Frameworks",
				);
				PRODUCT_BUNDLE_IDENTIFIER = hetao101.WDJPEGEncoder.com.WDAudioPlayCacheLoader;
				PRODUCT_NAME = "$(TARGET_NAME)";
				TARGETED_DEVICE_FAMILY = "1,2";
			};
			name = Debug;
		};
		4C575AC625CF8DA4002A117F /* Release */ = {
			isa = XCBuildConfiguration;
			baseConfigurationReference = 2B80154FE4A7E710890FB9FB /* Pods-WDAudioPlayCacheLoader.release.xcconfig */;
			buildSettings = {
				ASSETCATALOG_COMPILER_APPICON_NAME = AppIcon;
				ASSETCATALOG_COMPILER_GLOBAL_ACCENT_COLOR_NAME = AccentColor;
				CODE_SIGN_STYLE = Automatic;
				DEVELOPMENT_TEAM = 3ZPP94SLYH;
				INFOPLIST_FILE = WDAudioPlayCacheLoader/Info.plist;
				IPHONEOS_DEPLOYMENT_TARGET = 11.0;
				LD_RUNPATH_SEARCH_PATHS = (
					"$(inherited)",
					"@executable_path/Frameworks",
				);
				PRODUCT_BUNDLE_IDENTIFIER = hetao101.WDJPEGEncoder.com.WDAudioPlayCacheLoader;
				PRODUCT_NAME = "$(TARGET_NAME)";
				TARGETED_DEVICE_FAMILY = "1,2";
			};
			name = Release;
		};
		4C575AC825CF8DA4002A117F /* Debug */ = {
			isa = XCBuildConfiguration;
			baseConfigurationReference = 27EBEF5AFD04008D6931384F /* Pods-WDAudioPlayCacheLoaderTests.debug.xcconfig */;
			buildSettings = {
				BUNDLE_LOADER = "$(TEST_HOST)";
				CODE_SIGN_STYLE = Automatic;
				DEVELOPMENT_TEAM = 3ZPP94SLYH;
				INFOPLIST_FILE = WDAudioPlayCacheLoaderTests/Info.plist;
				IPHONEOS_DEPLOYMENT_TARGET = 14.1;
				LD_RUNPATH_SEARCH_PATHS = (
					"$(inherited)",
					"@executable_path/Frameworks",
					"@loader_path/Frameworks",
				);
				PRODUCT_BUNDLE_IDENTIFIER = hetao101.WDJPEGEncoder.com.WDAudioPlayCacheLoaderTests;
				PRODUCT_NAME = "$(TARGET_NAME)";
				TARGETED_DEVICE_FAMILY = "1,2";
				TEST_HOST = "$(BUILT_PRODUCTS_DIR)/WDAudioPlayCacheLoader.app/WDAudioPlayCacheLoader";
			};
			name = Debug;
		};
		4C575AC925CF8DA4002A117F /* Release */ = {
			isa = XCBuildConfiguration;
			baseConfigurationReference = 37C41F7766598906A8F7CE51 /* Pods-WDAudioPlayCacheLoaderTests.release.xcconfig */;
			buildSettings = {
				BUNDLE_LOADER = "$(TEST_HOST)";
				CODE_SIGN_STYLE = Automatic;
				DEVELOPMENT_TEAM = 3ZPP94SLYH;
				INFOPLIST_FILE = WDAudioPlayCacheLoaderTests/Info.plist;
				IPHONEOS_DEPLOYMENT_TARGET = 14.1;
				LD_RUNPATH_SEARCH_PATHS = (
					"$(inherited)",
					"@executable_path/Frameworks",
					"@loader_path/Frameworks",
				);
				PRODUCT_BUNDLE_IDENTIFIER = hetao101.WDJPEGEncoder.com.WDAudioPlayCacheLoaderTests;
				PRODUCT_NAME = "$(TARGET_NAME)";
				TARGETED_DEVICE_FAMILY = "1,2";
				TEST_HOST = "$(BUILT_PRODUCTS_DIR)/WDAudioPlayCacheLoader.app/WDAudioPlayCacheLoader";
			};
			name = Release;
		};
		4C575ACB25CF8DA4002A117F /* Debug */ = {
			isa = XCBuildConfiguration;
			baseConfigurationReference = 7DBA91981C80752B503F78FD /* Pods-WDAudioPlayCacheLoader-WDAudioPlayCacheLoaderUITests.debug.xcconfig */;
			buildSettings = {
				CODE_SIGN_STYLE = Automatic;
				DEVELOPMENT_TEAM = 3ZPP94SLYH;
				INFOPLIST_FILE = WDAudioPlayCacheLoaderUITests/Info.plist;
				LD_RUNPATH_SEARCH_PATHS = (
					"$(inherited)",
					"@executable_path/Frameworks",
					"@loader_path/Frameworks",
				);
				PRODUCT_BUNDLE_IDENTIFIER = hetao101.WDJPEGEncoder.com.WDAudioPlayCacheLoaderUITests;
				PRODUCT_NAME = "$(TARGET_NAME)";
				TARGETED_DEVICE_FAMILY = "1,2";
				TEST_TARGET_NAME = WDAudioPlayCacheLoader;
			};
			name = Debug;
		};
		4C575ACC25CF8DA4002A117F /* Release */ = {
			isa = XCBuildConfiguration;
			baseConfigurationReference = EFE7E9CA221189ED5A0372E4 /* Pods-WDAudioPlayCacheLoader-WDAudioPlayCacheLoaderUITests.release.xcconfig */;
			buildSettings = {
				CODE_SIGN_STYLE = Automatic;
				DEVELOPMENT_TEAM = 3ZPP94SLYH;
				INFOPLIST_FILE = WDAudioPlayCacheLoaderUITests/Info.plist;
				LD_RUNPATH_SEARCH_PATHS = (
					"$(inherited)",
					"@executable_path/Frameworks",
					"@loader_path/Frameworks",
				);
				PRODUCT_BUNDLE_IDENTIFIER = hetao101.WDJPEGEncoder.com.WDAudioPlayCacheLoaderUITests;
				PRODUCT_NAME = "$(TARGET_NAME)";
				TARGETED_DEVICE_FAMILY = "1,2";
				TEST_TARGET_NAME = WDAudioPlayCacheLoader;
			};
			name = Release;
		};
/* End XCBuildConfiguration section */

/* Begin XCConfigurationList section */
		4C575A9025CF8DA1002A117F /* Build configuration list for PBXProject "WDAudioPlayCacheLoader" */ = {
			isa = XCConfigurationList;
			buildConfigurations = (
				4C575AC225CF8DA4002A117F /* Debug */,
				4C575AC325CF8DA4002A117F /* Release */,
			);
			defaultConfigurationIsVisible = 0;
			defaultConfigurationName = Release;
		};
		4C575AC425CF8DA4002A117F /* Build configuration list for PBXNativeTarget "WDAudioPlayCacheLoader" */ = {
			isa = XCConfigurationList;
			buildConfigurations = (
				4C575AC525CF8DA4002A117F /* Debug */,
				4C575AC625CF8DA4002A117F /* Release */,
			);
			defaultConfigurationIsVisible = 0;
			defaultConfigurationName = Release;
		};
		4C575AC725CF8DA4002A117F /* Build configuration list for PBXNativeTarget "WDAudioPlayCacheLoaderTests" */ = {
			isa = XCConfigurationList;
			buildConfigurations = (
				4C575AC825CF8DA4002A117F /* Debug */,
				4C575AC925CF8DA4002A117F /* Release */,
			);
			defaultConfigurationIsVisible = 0;
			defaultConfigurationName = Release;
		};
		4C575ACA25CF8DA4002A117F /* Build configuration list for PBXNativeTarget "WDAudioPlayCacheLoaderUITests" */ = {
			isa = XCConfigurationList;
			buildConfigurations = (
				4C575ACB25CF8DA4002A117F /* Debug */,
				4C575ACC25CF8DA4002A117F /* Release */,
			);
			defaultConfigurationIsVisible = 0;
			defaultConfigurationName = Release;
		};
/* End XCConfigurationList section */
	};
	rootObject = 4C575A8D25CF8DA1002A117F /* Project object */;
}
